// !$*UTF8*$!
{
	archiveVersion = 1;
	classes = {
	};
	objectVersion = 56;
	objects = {

/* Begin PBXBuildFile section */
		A33B8DAC29CD11C2009737AF /* chillyfyApp.swift in Sources */ = {isa = PBXBuildFile; fileRef = A33B8DAB29CD11C2009737AF /* chillyfyApp.swift */; };
		A33B8DAE29CD11C2009737AF /* ContentView.swift in Sources */ = {isa = PBXBuildFile; fileRef = A33B8DAD29CD11C2009737AF /* ContentView.swift */; };
		A33B8DB029CD11C3009737AF /* Assets.xcassets in Resources */ = {isa = PBXBuildFile; fileRef = A33B8DAF29CD11C3009737AF /* Assets.xcassets */; };
		A33B8DB329CD11C3009737AF /* Preview Assets.xcassets in Resources */ = {isa = PBXBuildFile; fileRef = A33B8DB229CD11C3009737AF /* Preview Assets.xcassets */; };
		A33B8DBB29CD1564009737AF /* Fasthand-Regular.ttf in Resources */ = {isa = PBXBuildFile; fileRef = A33B8DBA29CD1564009737AF /* Fasthand-Regular.ttf */; };
		A33B8DBE29CD1877009737AF /* Splash.swift in Sources */ = {isa = PBXBuildFile; fileRef = A33B8DBD29CD1877009737AF /* Splash.swift */; };
		A33B8DC029CD1C58009737AF /* Raleway.ttf in Resources */ = {isa = PBXBuildFile; fileRef = A33B8DBF29CD1C58009737AF /* Raleway.ttf */; };
		A33B8DC329CD6040009737AF /* Login.swift in Sources */ = {isa = PBXBuildFile; fileRef = A33B8DC229CD6040009737AF /* Login.swift */; };
/* End PBXBuildFile section */

/* Begin PBXFileReference section */
		A33B8DA829CD11C2009737AF /* chillyfy.app */ = {isa = PBXFileReference; explicitFileType = wrapper.application; includeInIndex = 0; path = chillyfy.app; sourceTree = BUILT_PRODUCTS_DIR; };
		A33B8DAB29CD11C2009737AF /* chillyfyApp.swift */ = {isa = PBXFileReference; lastKnownFileType = sourcecode.swift; path = chillyfyApp.swift; sourceTree = "<group>"; };
		A33B8DAD29CD11C2009737AF /* ContentView.swift */ = {isa = PBXFileReference; lastKnownFileType = sourcecode.swift; path = ContentView.swift; sourceTree = "<group>"; };
		A33B8DAF29CD11C3009737AF /* Assets.xcassets */ = {isa = PBXFileReference; lastKnownFileType = folder.assetcatalog; path = Assets.xcassets; sourceTree = "<group>"; };
		A33B8DB229CD11C3009737AF /* Preview Assets.xcassets */ = {isa = PBXFileReference; lastKnownFileType = folder.assetcatalog; path = "Preview Assets.xcassets"; sourceTree = "<group>"; };
		A33B8DBA29CD1564009737AF /* Fasthand-Regular.ttf */ = {isa = PBXFileReference; lastKnownFileType = file; path = "Fasthand-Regular.ttf"; sourceTree = "<group>"; };
		A33B8DBC29CD15F7009737AF /* Info.plist */ = {isa = PBXFileReference; lastKnownFileType = text.plist; path = Info.plist; sourceTree = "<group>"; };
		A33B8DBD29CD1877009737AF /* Splash.swift */ = {isa = PBXFileReference; lastKnownFileType = sourcecode.swift; path = Splash.swift; sourceTree = "<group>"; };
		A33B8DBF29CD1C58009737AF /* Raleway.ttf */ = {isa = PBXFileReference; lastKnownFileType = file; path = Raleway.ttf; sourceTree = "<group>"; };
		A33B8DC229CD6040009737AF /* Login.swift */ = {isa = PBXFileReference; lastKnownFileType = sourcecode.swift; path = Login.swift; sourceTree = "<group>"; };
/* End PBXFileReference section */

/* Begin PBXFrameworksBuildPhase section */
		A33B8DA529CD11C2009737AF /* Frameworks */ = {
			isa = PBXFrameworksBuildPhase;
			buildActionMask = 2147483647;
			files = (
			);
			runOnlyForDeploymentPostprocessing = 0;
		};
/* End PBXFrameworksBuildPhase section */

/* Begin PBXGroup section */
		A33B8D9F29CD11C2009737AF = {
			isa = PBXGroup;
			children = (
				A33B8DAA29CD11C2009737AF /* chillyfy */,
				A33B8DA929CD11C2009737AF /* Products */,
			);
			sourceTree = "<group>";
		};
		A33B8DA929CD11C2009737AF /* Products */ = {
			isa = PBXGroup;
			children = (
				A33B8DA829CD11C2009737AF /* chillyfy.app */,
			);
			name = Products;
			sourceTree = "<group>";
		};
		A33B8DAA29CD11C2009737AF /* chillyfy */ = {
			isa = PBXGroup;
			children = (
				A33B8DC129CD6026009737AF /* screens */,
				A33B8DBC29CD15F7009737AF /* Info.plist */,
				A33B8DAB29CD11C2009737AF /* chillyfyApp.swift */,
				A33B8DAD29CD11C2009737AF /* ContentView.swift */,
				A33B8DBF29CD1C58009737AF /* Raleway.ttf */,
				A33B8DBA29CD1564009737AF /* Fasthand-Regular.ttf */,
				A33B8DAF29CD11C3009737AF /* Assets.xcassets */,
				A33B8DB129CD11C3009737AF /* Preview Content */,
			);
			path = chillyfy;
			sourceTree = "<group>";
		};
		A33B8DB129CD11C3009737AF /* Preview Content */ = {
			isa = PBXGroup;
			children = (
				A33B8DB229CD11C3009737AF /* Preview Assets.xcassets */,
			);
			path = "Preview Content";
			sourceTree = "<group>";
		};
		A33B8DC129CD6026009737AF /* screens */ = {
			isa = PBXGroup;
			children = (
				A33B8DBD29CD1877009737AF /* Splash.swift */,
				A33B8DC229CD6040009737AF /* Login.swift */,
			);
			path = screens;
			sourceTree = "<group>";
		};
/* End PBXGroup section */

/* Begin PBXNativeTarget section */
		A33B8DA729CD11C2009737AF /* chillyfy */ = {
			isa = PBXNativeTarget;
			buildConfigurationList = A33B8DB629CD11C3009737AF /* Build configuration list for PBXNativeTarget "chillyfy" */;
			buildPhases = (
				A33B8DA429CD11C2009737AF /* Sources */,
				A33B8DA529CD11C2009737AF /* Frameworks */,
				A33B8DA629CD11C2009737AF /* Resources */,
			);
			buildRules = (
			);
			dependencies = (
			);
			name = chillyfy;
			productName = chillyfy;
			productReference = A33B8DA829CD11C2009737AF /* chillyfy.app */;
			productType = "com.apple.product-type.application";
		};
/* End PBXNativeTarget section */

/* Begin PBXProject section */
		A33B8DA029CD11C2009737AF /* Project object */ = {
			isa = PBXProject;
			attributes = {
				BuildIndependentTargetsInParallel = 1;
				LastSwiftUpdateCheck = 1400;
				LastUpgradeCheck = 1400;
				TargetAttributes = {
					A33B8DA729CD11C2009737AF = {
						CreatedOnToolsVersion = 14.0;
					};
				};
			};
			buildConfigurationList = A33B8DA329CD11C2009737AF /* Build configuration list for PBXProject "chillyfy" */;
			compatibilityVersion = "Xcode 14.0";
			developmentRegion = en;
			hasScannedForEncodings = 0;
			knownRegions = (
				en,
				Base,
			);
			mainGroup = A33B8D9F29CD11C2009737AF;
			productRefGroup = A33B8DA929CD11C2009737AF /* Products */;
			projectDirPath = "";
			projectRoot = "";
			targets = (
				A33B8DA729CD11C2009737AF /* chillyfy */,
			);
		};
/* End PBXProject section */

/* Begin PBXResourcesBuildPhase section */
		A33B8DA629CD11C2009737AF /* Resources */ = {
			isa = PBXResourcesBuildPhase;
			buildActionMask = 2147483647;
			files = (
				A33B8DC029CD1C58009737AF /* Raleway.ttf in Resources */,
				A33B8DBB29CD1564009737AF /* Fasthand-Regular.ttf in Resources */,
				A33B8DB329CD11C3009737AF /* Preview Assets.xcassets in Resources */,
				A33B8DB029CD11C3009737AF /* Assets.xcassets in Resources */,
			);
			runOnlyForDeploymentPostprocessing = 0;
		};
/* End PBXResourcesBuildPhase section */

/* Begin PBXSourcesBuildPhase section */
		A33B8DA429CD11C2009737AF /* Sources */ = {
			isa = PBXSourcesBuildPhase;
			buildActionMask = 2147483647;
			files = (
				A33B8DAE29CD11C2009737AF /* ContentView.swift in Sources */,
				A33B8DBE29CD1877009737AF /* Splash.swift in Sources */,
				A33B8DAC29CD11C2009737AF /* chillyfyApp.swift in Sources */,
				A33B8DC329CD6040009737AF /* Login.swift in Sources */,
			);
			runOnlyForDeploymentPostprocessing = 0;
		};
/* End PBXSourcesBuildPhase section */

/* Begin XCBuildConfiguration section */
		A33B8DB429CD11C3009737AF /* Debug */ = {
			isa = XCBuildConfiguration;
			buildSettings = {
				ALWAYS_SEARCH_USER_PATHS = NO;
				CLANG_ANALYZER_NONNULL = YES;
				CLANG_ANALYZER_NUMBER_OBJECT_CONVERSION = YES_AGGRESSIVE;
				CLANG_CXX_LANGUAGE_STANDARD = "gnu++20";
				CLANG_ENABLE_MODULES = YES;
				CLANG_ENABLE_OBJC_ARC = YES;
				CLANG_ENABLE_OBJC_WEAK = YES;
				CLANG_WARN_BLOCK_CAPTURE_AUTORELEASING = YES;
				CLANG_WARN_BOOL_CONVERSION = YES;
				CLANG_WARN_COMMA = YES;
				CLANG_WARN_CONSTANT_CONVERSION = YES;
				CLANG_WARN_DEPRECATED_OBJC_IMPLEMENTATIONS = YES;
				CLANG_WARN_DIRECT_OBJC_ISA_USAGE = YES_ERROR;
				CLANG_WARN_DOCUMENTATION_COMMENTS = YES;
				CLANG_WARN_EMPTY_BODY = YES;
				CLANG_WARN_ENUM_CONVERSION = YES;
				CLANG_WARN_INFINITE_RECURSION = YES;
				CLANG_WARN_INT_CONVERSION = YES;
				CLANG_WARN_NON_LITERAL_NULL_CONVERSION = YES;
				CLANG_WARN_OBJC_IMPLICIT_RETAIN_SELF = YES;
				CLANG_WARN_OBJC_LITERAL_CONVERSION = YES;
				CLANG_WARN_OBJC_ROOT_CLASS = YES_ERROR;
				CLANG_WARN_QUOTED_INCLUDE_IN_FRAMEWORK_HEADER = YES;
				CLANG_WARN_RANGE_LOOP_ANALYSIS = YES;
				CLANG_WARN_STRICT_PROTOTYPES = YES;
				CLANG_WARN_SUSPICIOUS_MOVE = YES;
				CLANG_WARN_UNGUARDED_AVAILABILITY = YES_AGGRESSIVE;
				CLANG_WARN_UNREACHABLE_CODE = YES;
				CLANG_WARN__DUPLICATE_METHOD_MATCH = YES;
				COPY_PHASE_STRIP = NO;
				DEBUG_INFORMATION_FORMAT = dwarf;
				ENABLE_STRICT_OBJC_MSGSEND = YES;
				ENABLE_TESTABILITY = YES;
				GCC_C_LANGUAGE_STANDARD = gnu11;
				GCC_DYNAMIC_NO_PIC = NO;
				GCC_NO_COMMON_BLOCKS = YES;
				GCC_OPTIMIZATION_LEVEL = 0;
				GCC_PREPROCESSOR_DEFINITIONS = (
					"DEBUG=1",
					"$(inherited)",
				);
				GCC_WARN_64_TO_32_BIT_CONVERSION = YES;
				GCC_WARN_ABOUT_RETURN_TYPE = YES_ERROR;
				GCC_WARN_UNDECLARED_SELECTOR = YES;
				GCC_WARN_UNINITIALIZED_AUTOS = YES_AGGRESSIVE;
				GCC_WARN_UNUSED_FUNCTION = YES;
				GCC_WARN_UNUSED_VARIABLE = YES;
				IPHONEOS_DEPLOYMENT_TARGET = 16.0;
				MTL_ENABLE_DEBUG_INFO = INCLUDE_SOURCE;
				MTL_FAST_MATH = YES;
				ONLY_ACTIVE_ARCH = YES;
				SDKROOT = iphoneos;
				SWIFT_ACTIVE_COMPILATION_CONDITIONS = DEBUG;
				SWIFT_OPTIMIZATION_LEVEL = "-Onone";
			};
			name = Debug;
		};
		A33B8DB529CD11C3009737AF /* Release */ = {
			isa = XCBuildConfiguration;
			buildSettings = {
				ALWAYS_SEARCH_USER_PATHS = NO;
				CLANG_ANALYZER_NONNULL = YES;
				CLANG_ANALYZER_NUMBER_OBJECT_CONVERSION = YES_AGGRESSIVE;
				CLANG_CXX_LANGUAGE_STANDARD = "gnu++20";
				CLANG_ENABLE_MODULES = YES;
				CLANG_ENABLE_OBJC_ARC = YES;
				CLANG_ENABLE_OBJC_WEAK = YES;
				CLANG_WARN_BLOCK_CAPTURE_AUTORELEASING = YES;
				CLANG_WARN_BOOL_CONVERSION = YES;
				CLANG_WARN_COMMA = YES;
				CLANG_WARN_CONSTANT_CONVERSION = YES;
				CLANG_WARN_DEPRECATED_OBJC_IMPLEMENTATIONS = YES;
				CLANG_WARN_DIRECT_OBJC_ISA_USAGE = YES_ERROR;
				CLANG_WARN_DOCUMENTATION_COMMENTS = YES;
				CLANG_WARN_EMPTY_BODY = YES;
				CLANG_WARN_ENUM_CONVERSION = YES;
				CLANG_WARN_INFINITE_RECURSION = YES;
				CLANG_WARN_INT_CONVERSION = YES;
				CLANG_WARN_NON_LITERAL_NULL_CONVERSION = YES;
				CLANG_WARN_OBJC_IMPLICIT_RETAIN_SELF = YES;
				CLANG_WARN_OBJC_LITERAL_CONVERSION = YES;
				CLANG_WARN_OBJC_ROOT_CLASS = YES_ERROR;
				CLANG_WARN_QUOTED_INCLUDE_IN_FRAMEWORK_HEADER = YES;
				CLANG_WARN_RANGE_LOOP_ANALYSIS = YES;
				CLANG_WARN_STRICT_PROTOTYPES = YES;
				CLANG_WARN_SUSPICIOUS_MOVE = YES;
				CLANG_WARN_UNGUARDED_AVAILABILITY = YES_AGGRESSIVE;
				CLANG_WARN_UNREACHABLE_CODE = YES;
				CLANG_WARN__DUPLICATE_METHOD_MATCH = YES;
				COPY_PHASE_STRIP = NO;
				DEBUG_INFORMATION_FORMAT = "dwarf-with-dsym";
				ENABLE_NS_ASSERTIONS = NO;
				ENABLE_STRICT_OBJC_MSGSEND = YES;
				GCC_C_LANGUAGE_STANDARD = gnu11;
				GCC_NO_COMMON_BLOCKS = YES;
				GCC_WARN_64_TO_32_BIT_CONVERSION = YES;
				GCC_WARN_ABOUT_RETURN_TYPE = YES_ERROR;
				GCC_WARN_UNDECLARED_SELECTOR = YES;
				GCC_WARN_UNINITIALIZED_AUTOS = YES_AGGRESSIVE;
				GCC_WARN_UNUSED_FUNCTION = YES;
				GCC_WARN_UNUSED_VARIABLE = YES;
				IPHONEOS_DEPLOYMENT_TARGET = 16.0;
				MTL_ENABLE_DEBUG_INFO = NO;
				MTL_FAST_MATH = YES;
				SDKROOT = iphoneos;
				SWIFT_COMPILATION_MODE = wholemodule;
				SWIFT_OPTIMIZATION_LEVEL = "-O";
				VALIDATE_PRODUCT = YES;
			};
			name = Release;
		};
		A33B8DB729CD11C3009737AF /* Debug */ = {
			isa = XCBuildConfiguration;
			buildSettings = {
				ASSETCATALOG_COMPILER_APPICON_NAME = AppIcon;
				ASSETCATALOG_COMPILER_GLOBAL_ACCENT_COLOR_NAME = AccentColor;
				CODE_SIGN_STYLE = Automatic;
				CURRENT_PROJECT_VERSION = 1;
				DEVELOPMENT_ASSET_PATHS = "\"chillyfy/Preview Content\"";
				DEVELOPMENT_TEAM = 2UNV73WD6X;
				ENABLE_PREVIEWS = YES;
				GENERATE_INFOPLIST_FILE = YES;
				INFOPLIST_FILE = chillyfy/Info.plist;
				INFOPLIST_KEY_UIApplicationSceneManifest_Generation = YES;
				INFOPLIST_KEY_UIApplicationSupportsIndirectInputEvents = YES;
				INFOPLIST_KEY_UILaunchScreen_Generation = YES;
				INFOPLIST_KEY_UISupportedInterfaceOrientations_iPad = "UIInterfaceOrientationPortrait UIInterfaceOrientationPortraitUpsideDown UIInterfaceOrientationLandscapeLeft UIInterfaceOrientationLandscapeRight";
				INFOPLIST_KEY_UISupportedInterfaceOrientations_iPhone = "UIInterfaceOrientationPortrait UIInterfaceOrientationLandscapeLeft UIInterfaceOrientationLandscapeRight";
				LD_RUNPATH_SEARCH_PATHS = (
					"$(inherited)",
					"@executable_path/Frameworks",
				);
				MARKETING_VERSION = 1.0;
				PRODUCT_BUNDLE_IDENTIFIER = ca.centennialcollege.chillyfy;
				PRODUCT_NAME = "$(TARGET_NAME)";
				SWIFT_EMIT_LOC_STRINGS = YES;
				SWIFT_VERSION = 5.0;
				TARGETED_DEVICE_FAMILY = "1,2";
			};
			name = Debug;
		};
		A33B8DB829CD11C3009737AF /* Release */ = {
			isa = XCBuildConfiguration;
			buildSettings = {
				ASSETCATALOG_COMPILER_APPICON_NAME = AppIcon;
				ASSETCATALOG_COMPILER_GLOBAL_ACCENT_COLOR_NAME = AccentColor;
				CODE_SIGN_STYLE = Automatic;
				CURRENT_PROJECT_VERSION = 1;
				DEVELOPMENT_ASSET_PATHS = "\"chillyfy/Preview Content\"";
				DEVELOPMENT_TEAM = 2UNV73WD6X;
				ENABLE_PREVIEWS = YES;
				GENERATE_INFOPLIST_FILE = YES;
				INFOPLIST_FILE = chillyfy/Info.plist;
				INFOPLIST_KEY_UIApplicationSceneManifest_Generation = YES;
				INFOPLIST_KEY_UIApplicationSupportsIndirectInputEvents = YES;
				INFOPLIST_KEY_UILaunchScreen_Generation = YES;
				INFOPLIST_KEY_UISupportedInterfaceOrientations_iPad = "UIInterfaceOrientationPortrait UIInterfaceOrientationPortraitUpsideDown UIInterfaceOrientationLandscapeLeft UIInterfaceOrientationLandscapeRight";
				INFOPLIST_KEY_UISupportedInterfaceOrientations_iPhone = "UIInterfaceOrientationPortrait UIInterfaceOrientationLandscapeLeft UIInterfaceOrientationLandscapeRight";
				LD_RUNPATH_SEARCH_PATHS = (
					"$(inherited)",
					"@executable_path/Frameworks",
				);
				MARKETING_VERSION = 1.0;
				PRODUCT_BUNDLE_IDENTIFIER = ca.centennialcollege.chillyfy;
				PRODUCT_NAME = "$(TARGET_NAME)";
				SWIFT_EMIT_LOC_STRINGS = YES;
				SWIFT_VERSION = 5.0;
				TARGETED_DEVICE_FAMILY = "1,2";
			};
			name = Release;
		};
/* End XCBuildConfiguration section */

/* Begin XCConfigurationList section */
		A33B8DA329CD11C2009737AF /* Build configuration list for PBXProject "chillyfy" */ = {
			isa = XCConfigurationList;
			buildConfigurations = (
				A33B8DB429CD11C3009737AF /* Debug */,
				A33B8DB529CD11C3009737AF /* Release */,
			);
			defaultConfigurationIsVisible = 0;
			defaultConfigurationName = Release;
		};
		A33B8DB629CD11C3009737AF /* Build configuration list for PBXNativeTarget "chillyfy" */ = {
			isa = XCConfigurationList;
			buildConfigurations = (
				A33B8DB729CD11C3009737AF /* Debug */,
				A33B8DB829CD11C3009737AF /* Release */,
			);
			defaultConfigurationIsVisible = 0;
			defaultConfigurationName = Release;
		};
/* End XCConfigurationList section */
	};
	rootObject = A33B8DA029CD11C2009737AF /* Project object */;
}
