// !$*UTF8*$!
{
	archiveVersion = 1;
	classes = {
	};
	objectVersion = 56;
	objects = {

/* Begin PBXBuildFile section */
		A30F7BCC29D745DF00F96395 /* WeatherManager.swift in Sources */ = {isa = PBXBuildFile; fileRef = A30F7BCB29D745DF00F96395 /* WeatherManager.swift */; };
		A30F7BCE29D7466A00F96395 /* ModalData.swift in Sources */ = {isa = PBXBuildFile; fileRef = A30F7BCD29D7466A00F96395 /* ModalData.swift */; };
		A30F7BD129D746B700F96395 /* weatherData.json in Resources */ = {isa = PBXBuildFile; fileRef = A30F7BD029D746B700F96395 /* weatherData.json */; };
		A30F7BD329D74C9500F96395 /* Extensions.swift in Sources */ = {isa = PBXBuildFile; fileRef = A30F7BD229D74C9500F96395 /* Extensions.swift */; };
		A30F7BD829D7517700F96395 /* WeatherInitialView.swift in Sources */ = {isa = PBXBuildFile; fileRef = A30F7BD729D7517700F96395 /* WeatherInitialView.swift */; };
		A30F7BDA29D751D000F96395 /* LoadingView.swift in Sources */ = {isa = PBXBuildFile; fileRef = A30F7BD929D751D000F96395 /* LoadingView.swift */; };
		A30F7BDD29D7576100F96395 /* WeatherDetails.swift in Sources */ = {isa = PBXBuildFile; fileRef = A30F7BDC29D7576100F96395 /* WeatherDetails.swift */; };
		A3134C2329EC41B10007A1D5 /* PopularCitiesViewModel.swift in Sources */ = {isa = PBXBuildFile; fileRef = A3134C2229EC41B10007A1D5 /* PopularCitiesViewModel.swift */; };
		A3134C2529EC41E30007A1D5 /* CityModel.swift in Sources */ = {isa = PBXBuildFile; fileRef = A3134C2429EC41E30007A1D5 /* CityModel.swift */; };
		A335FC1429CE8AC400459480 /* LocationManager.swift in Sources */ = {isa = PBXBuildFile; fileRef = A335FC1329CE8AC400459480 /* LocationManager.swift */; };
		A335FC1829CE948C00459480 /* WeatherView.swift in Sources */ = {isa = PBXBuildFile; fileRef = A335FC1729CE948C00459480 /* WeatherView.swift */; };
		A33B8DAC29CD11C2009737AF /* chillyfyApp.swift in Sources */ = {isa = PBXBuildFile; fileRef = A33B8DAB29CD11C2009737AF /* chillyfyApp.swift */; };
		A33B8DAE29CD11C2009737AF /* ContentView.swift in Sources */ = {isa = PBXBuildFile; fileRef = A33B8DAD29CD11C2009737AF /* ContentView.swift */; };
		A33B8DB029CD11C3009737AF /* Assets.xcassets in Resources */ = {isa = PBXBuildFile; fileRef = A33B8DAF29CD11C3009737AF /* Assets.xcassets */; };
		A33B8DB329CD11C3009737AF /* Preview Assets.xcassets in Resources */ = {isa = PBXBuildFile; fileRef = A33B8DB229CD11C3009737AF /* Preview Assets.xcassets */; };
		A33B8DBB29CD1564009737AF /* Fasthand-Regular.ttf in Resources */ = {isa = PBXBuildFile; fileRef = A33B8DBA29CD1564009737AF /* Fasthand-Regular.ttf */; };
		A33B8DBE29CD1877009737AF /* Splash.swift in Sources */ = {isa = PBXBuildFile; fileRef = A33B8DBD29CD1877009737AF /* Splash.swift */; };
		A33B8DC029CD1C58009737AF /* Raleway.ttf in Resources */ = {isa = PBXBuildFile; fileRef = A33B8DBF29CD1C58009737AF /* Raleway.ttf */; };
		A35C8BA329D0BEB2000CEE96 /* SavedCitiesView.swift in Sources */ = {isa = PBXBuildFile; fileRef = A35C8BA229D0BEB2000CEE96 /* SavedCitiesView.swift */; };
		A35C8BA529D0C2A5000CEE96 /* AuthView.swift in Sources */ = {isa = PBXBuildFile; fileRef = A35C8BA429D0C2A5000CEE96 /* AuthView.swift */; };
		A386693229D107C800224861 /* GoogleService-Info.plist in Resources */ = {isa = PBXBuildFile; fileRef = A386693129D107C800224861 /* GoogleService-Info.plist */; };
		A386693529D1083E00224861 /* FirebaseAnalytics in Frameworks */ = {isa = PBXBuildFile; productRef = A386693429D1083E00224861 /* FirebaseAnalytics */; };
		A386693729D1083E00224861 /* FirebaseAuth in Frameworks */ = {isa = PBXBuildFile; productRef = A386693629D1083E00224861 /* FirebaseAuth */; };
		A386693929D1083E00224861 /* FirebaseDatabase in Frameworks */ = {isa = PBXBuildFile; productRef = A386693829D1083E00224861 /* FirebaseDatabase */; };
		A386693B29D1083E00224861 /* FirebaseDatabaseSwift in Frameworks */ = {isa = PBXBuildFile; productRef = A386693A29D1083E00224861 /* FirebaseDatabaseSwift */; };
		A386693D29D1083E00224861 /* FirebaseFirestore in Frameworks */ = {isa = PBXBuildFile; productRef = A386693C29D1083E00224861 /* FirebaseFirestore */; };
		A386693F29D1083E00224861 /* FirebaseStorage in Frameworks */ = {isa = PBXBuildFile; productRef = A386693E29D1083E00224861 /* FirebaseStorage */; };
		A386694229D1168000224861 /* String.swift in Sources */ = {isa = PBXBuildFile; fileRef = A386694129D1168000224861 /* String.swift */; };
		A3B4F54D29D0AC3D0046D7A5 /* BottomTabView.swift in Sources */ = {isa = PBXBuildFile; fileRef = A3B4F54C29D0AC3D0046D7A5 /* BottomTabView.swift */; };
		A3B4F54F29D0B76C0046D7A5 /* SettingView.swift in Sources */ = {isa = PBXBuildFile; fileRef = A3B4F54E29D0B76C0046D7A5 /* SettingView.swift */; };
		A3B4F55129D0B9850046D7A5 /* WeatherMapView.swift in Sources */ = {isa = PBXBuildFile; fileRef = A3B4F55029D0B9850046D7A5 /* WeatherMapView.swift */; };
/* End PBXBuildFile section */

/* Begin PBXFileReference section */
		A30F7BCB29D745DF00F96395 /* WeatherManager.swift */ = {isa = PBXFileReference; lastKnownFileType = sourcecode.swift; path = WeatherManager.swift; sourceTree = "<group>"; };
		A30F7BCD29D7466A00F96395 /* ModalData.swift */ = {isa = PBXFileReference; lastKnownFileType = sourcecode.swift; path = ModalData.swift; sourceTree = "<group>"; };
		A30F7BD029D746B700F96395 /* weatherData.json */ = {isa = PBXFileReference; lastKnownFileType = text.json; path = weatherData.json; sourceTree = "<group>"; };
		A30F7BD229D74C9500F96395 /* Extensions.swift */ = {isa = PBXFileReference; lastKnownFileType = sourcecode.swift; path = Extensions.swift; sourceTree = "<group>"; };
		A30F7BD729D7517700F96395 /* WeatherInitialView.swift */ = {isa = PBXFileReference; lastKnownFileType = sourcecode.swift; path = WeatherInitialView.swift; sourceTree = "<group>"; };
		A30F7BD929D751D000F96395 /* LoadingView.swift */ = {isa = PBXFileReference; lastKnownFileType = sourcecode.swift; path = LoadingView.swift; sourceTree = "<group>"; };
		A30F7BDC29D7576100F96395 /* WeatherDetails.swift */ = {isa = PBXFileReference; lastKnownFileType = sourcecode.swift; path = WeatherDetails.swift; sourceTree = "<group>"; };
		A3134C2229EC41B10007A1D5 /* PopularCitiesViewModel.swift */ = {isa = PBXFileReference; lastKnownFileType = sourcecode.swift; path = PopularCitiesViewModel.swift; sourceTree = "<group>"; };
		A3134C2429EC41E30007A1D5 /* CityModel.swift */ = {isa = PBXFileReference; lastKnownFileType = sourcecode.swift; path = CityModel.swift; sourceTree = "<group>"; };
		A335FC1329CE8AC400459480 /* LocationManager.swift */ = {isa = PBXFileReference; lastKnownFileType = sourcecode.swift; path = LocationManager.swift; sourceTree = "<group>"; };
		A335FC1729CE948C00459480 /* WeatherView.swift */ = {isa = PBXFileReference; lastKnownFileType = sourcecode.swift; path = WeatherView.swift; sourceTree = "<group>"; };
		A33B8DA829CD11C2009737AF /* chillyfy.app */ = {isa = PBXFileReference; explicitFileType = wrapper.application; includeInIndex = 0; path = chillyfy.app; sourceTree = BUILT_PRODUCTS_DIR; };
		A33B8DAB29CD11C2009737AF /* chillyfyApp.swift */ = {isa = PBXFileReference; lastKnownFileType = sourcecode.swift; path = chillyfyApp.swift; sourceTree = "<group>"; };
		A33B8DAD29CD11C2009737AF /* ContentView.swift */ = {isa = PBXFileReference; lastKnownFileType = sourcecode.swift; path = ContentView.swift; sourceTree = "<group>"; };
		A33B8DAF29CD11C3009737AF /* Assets.xcassets */ = {isa = PBXFileReference; lastKnownFileType = folder.assetcatalog; path = Assets.xcassets; sourceTree = "<group>"; };
		A33B8DB229CD11C3009737AF /* Preview Assets.xcassets */ = {isa = PBXFileReference; lastKnownFileType = folder.assetcatalog; path = "Preview Assets.xcassets"; sourceTree = "<group>"; };
		A33B8DBA29CD1564009737AF /* Fasthand-Regular.ttf */ = {isa = PBXFileReference; lastKnownFileType = file; path = "Fasthand-Regular.ttf"; sourceTree = "<group>"; };
		A33B8DBC29CD15F7009737AF /* Info.plist */ = {isa = PBXFileReference; lastKnownFileType = text.plist; path = Info.plist; sourceTree = "<group>"; };
		A33B8DBD29CD1877009737AF /* Splash.swift */ = {isa = PBXFileReference; lastKnownFileType = sourcecode.swift; path = Splash.swift; sourceTree = "<group>"; };
		A33B8DBF29CD1C58009737AF /* Raleway.ttf */ = {isa = PBXFileReference; lastKnownFileType = file; path = Raleway.ttf; sourceTree = "<group>"; };
		A35C8BA229D0BEB2000CEE96 /* SavedCitiesView.swift */ = {isa = PBXFileReference; lastKnownFileType = sourcecode.swift; path = SavedCitiesView.swift; sourceTree = "<group>"; };
		A35C8BA429D0C2A5000CEE96 /* AuthView.swift */ = {isa = PBXFileReference; lastKnownFileType = sourcecode.swift; path = AuthView.swift; sourceTree = "<group>"; };
		A386693129D107C800224861 /* GoogleService-Info.plist */ = {isa = PBXFileReference; fileEncoding = 4; lastKnownFileType = text.plist.xml; path = "GoogleService-Info.plist"; sourceTree = "<group>"; };
		A386694129D1168000224861 /* String.swift */ = {isa = PBXFileReference; lastKnownFileType = sourcecode.swift; path = String.swift; sourceTree = "<group>"; };
		A3B4F54C29D0AC3D0046D7A5 /* BottomTabView.swift */ = {isa = PBXFileReference; lastKnownFileType = sourcecode.swift; path = BottomTabView.swift; sourceTree = "<group>"; };
		A3B4F54E29D0B76C0046D7A5 /* SettingView.swift */ = {isa = PBXFileReference; lastKnownFileType = sourcecode.swift; path = SettingView.swift; sourceTree = "<group>"; };
		A3B4F55029D0B9850046D7A5 /* WeatherMapView.swift */ = {isa = PBXFileReference; lastKnownFileType = sourcecode.swift; path = WeatherMapView.swift; sourceTree = "<group>"; };
/* End PBXFileReference section */

/* Begin PBXFrameworksBuildPhase section */
		A33B8DA529CD11C2009737AF /* Frameworks */ = {
			isa = PBXFrameworksBuildPhase;
			buildActionMask = 2147483647;
			files = (
				A386693B29D1083E00224861 /* FirebaseDatabaseSwift in Frameworks */,
				A386693929D1083E00224861 /* FirebaseDatabase in Frameworks */,
				A386693529D1083E00224861 /* FirebaseAnalytics in Frameworks */,
				A386693D29D1083E00224861 /* FirebaseFirestore in Frameworks */,
				A386693729D1083E00224861 /* FirebaseAuth in Frameworks */,
				A386693F29D1083E00224861 /* FirebaseStorage in Frameworks */,
			);
			runOnlyForDeploymentPostprocessing = 0;
		};
/* End PBXFrameworksBuildPhase section */

/* Begin PBXGroup section */
		A30F7BD429D74D9800F96395 /* Model */ = {
			isa = PBXGroup;
			children = (
				A3134C2229EC41B10007A1D5 /* PopularCitiesViewModel.swift */,
				A3134C2429EC41E30007A1D5 /* CityModel.swift */,
			);
			path = Model;
			sourceTree = "<group>";
		};
		A30F7BDB29D7574F00F96395 /* Components */ = {
			isa = PBXGroup;
			children = (
				A30F7BDC29D7576100F96395 /* WeatherDetails.swift */,
			);
			path = Components;
			sourceTree = "<group>";
		};
		A33B8D9F29CD11C2009737AF = {
			isa = PBXGroup;
			children = (
				A33B8DAA29CD11C2009737AF /* chillyfy */,
				A33B8DA929CD11C2009737AF /* Products */,
			);
			sourceTree = "<group>";
		};
		A33B8DA929CD11C2009737AF /* Products */ = {
			isa = PBXGroup;
			children = (
				A33B8DA829CD11C2009737AF /* chillyfy.app */,
			);
			name = Products;
			sourceTree = "<group>";
		};
		A33B8DAA29CD11C2009737AF /* chillyfy */ = {
			isa = PBXGroup;
			children = (
				A30F7BD429D74D9800F96395 /* Model */,
				A386694029D1167300224861 /* Extensions */,
				A386693129D107C800224861 /* GoogleService-Info.plist */,
				A3BA94C229CE89FF00761E32 /* Managers */,
				A3BA94C129CE89D300761E32 /* Views */,
				A33B8DBC29CD15F7009737AF /* Info.plist */,
				A33B8DAB29CD11C2009737AF /* chillyfyApp.swift */,
				A33B8DBF29CD1C58009737AF /* Raleway.ttf */,
				A33B8DBA29CD1564009737AF /* Fasthand-Regular.ttf */,
				A33B8DAF29CD11C3009737AF /* Assets.xcassets */,
				A33B8DB129CD11C3009737AF /* Preview Content */,
			);
			path = chillyfy;
			sourceTree = "<group>";
		};
		A33B8DB129CD11C3009737AF /* Preview Content */ = {
			isa = PBXGroup;
			children = (
				A33B8DB229CD11C3009737AF /* Preview Assets.xcassets */,
				A30F7BCD29D7466A00F96395 /* ModalData.swift */,
				A30F7BD029D746B700F96395 /* weatherData.json */,
			);
			path = "Preview Content";
			sourceTree = "<group>";
		};
		A386694029D1167300224861 /* Extensions */ = {
			isa = PBXGroup;
			children = (
				A386694129D1168000224861 /* String.swift */,
				A30F7BD229D74C9500F96395 /* Extensions.swift */,
			);
			path = Extensions;
			sourceTree = "<group>";
		};
		A3BA94C129CE89D300761E32 /* Views */ = {
			isa = PBXGroup;
			children = (
				A30F7BDB29D7574F00F96395 /* Components */,
				A33B8DBD29CD1877009737AF /* Splash.swift */,
				A33B8DAD29CD11C2009737AF /* ContentView.swift */,
				A335FC1729CE948C00459480 /* WeatherView.swift */,
				A3B4F54C29D0AC3D0046D7A5 /* BottomTabView.swift */,
				A3B4F54E29D0B76C0046D7A5 /* SettingView.swift */,
				A3B4F55029D0B9850046D7A5 /* WeatherMapView.swift */,
				A35C8BA229D0BEB2000CEE96 /* SavedCitiesView.swift */,
				A35C8BA429D0C2A5000CEE96 /* AuthView.swift */,
				A30F7BD729D7517700F96395 /* WeatherInitialView.swift */,
				A30F7BD929D751D000F96395 /* LoadingView.swift */,
			);
			path = Views;
			sourceTree = "<group>";
		};
		A3BA94C229CE89FF00761E32 /* Managers */ = {
			isa = PBXGroup;
			children = (
				A335FC1329CE8AC400459480 /* LocationManager.swift */,
				A30F7BCB29D745DF00F96395 /* WeatherManager.swift */,
			);
			path = Managers;
			sourceTree = "<group>";
		};
/* End PBXGroup section */

/* Begin PBXNativeTarget section */
		A33B8DA729CD11C2009737AF /* chillyfy */ = {
			isa = PBXNativeTarget;
			buildConfigurationList = A33B8DB629CD11C3009737AF /* Build configuration list for PBXNativeTarget "chillyfy" */;
			buildPhases = (
				A33B8DA429CD11C2009737AF /* Sources */,
				A33B8DA529CD11C2009737AF /* Frameworks */,
				A33B8DA629CD11C2009737AF /* Resources */,
			);
			buildRules = (
			);
			dependencies = (
			);
			name = chillyfy;
			packageProductDependencies = (
				A386693429D1083E00224861 /* FirebaseAnalytics */,
				A386693629D1083E00224861 /* FirebaseAuth */,
				A386693829D1083E00224861 /* FirebaseDatabase */,
				A386693A29D1083E00224861 /* FirebaseDatabaseSwift */,
				A386693C29D1083E00224861 /* FirebaseFirestore */,
				A386693E29D1083E00224861 /* FirebaseStorage */,
			);
			productName = chillyfy;
			productReference = A33B8DA829CD11C2009737AF /* chillyfy.app */;
			productType = "com.apple.product-type.application";
		};
/* End PBXNativeTarget section */

/* Begin PBXProject section */
		A33B8DA029CD11C2009737AF /* Project object */ = {
			isa = PBXProject;
			attributes = {
				BuildIndependentTargetsInParallel = 1;
				LastSwiftUpdateCheck = 1400;
				LastUpgradeCheck = 1400;
				TargetAttributes = {
					A33B8DA729CD11C2009737AF = {
						CreatedOnToolsVersion = 14.0;
					};
				};
			};
			buildConfigurationList = A33B8DA329CD11C2009737AF /* Build configuration list for PBXProject "chillyfy" */;
			compatibilityVersion = "Xcode 14.0";
			developmentRegion = en;
			hasScannedForEncodings = 0;
			knownRegions = (
				en,
				Base,
			);
			mainGroup = A33B8D9F29CD11C2009737AF;
			packageReferences = (
				A386693329D1083E00224861 /* XCRemoteSwiftPackageReference "firebase-ios-sdk" */,
			);
			productRefGroup = A33B8DA929CD11C2009737AF /* Products */;
			projectDirPath = "";
			projectRoot = "";
			targets = (
				A33B8DA729CD11C2009737AF /* chillyfy */,
			);
		};
/* End PBXProject section */

/* Begin PBXResourcesBuildPhase section */
		A33B8DA629CD11C2009737AF /* Resources */ = {
			isa = PBXResourcesBuildPhase;
			buildActionMask = 2147483647;
			files = (
				A33B8DC029CD1C58009737AF /* Raleway.ttf in Resources */,
				A33B8DBB29CD1564009737AF /* Fasthand-Regular.ttf in Resources */,
				A386693229D107C800224861 /* GoogleService-Info.plist in Resources */,
				A33B8DB329CD11C3009737AF /* Preview Assets.xcassets in Resources */,
				A30F7BD129D746B700F96395 /* weatherData.json in Resources */,
				A33B8DB029CD11C3009737AF /* Assets.xcassets in Resources */,
			);
			runOnlyForDeploymentPostprocessing = 0;
		};
/* End PBXResourcesBuildPhase section */

/* Begin PBXSourcesBuildPhase section */
		A33B8DA429CD11C2009737AF /* Sources */ = {
			isa = PBXSourcesBuildPhase;
			buildActionMask = 2147483647;
			files = (
				A30F7BDD29D7576100F96395 /* WeatherDetails.swift in Sources */,
				A3134C2529EC41E30007A1D5 /* CityModel.swift in Sources */,
				A35C8BA529D0C2A5000CEE96 /* AuthView.swift in Sources */,
				A30F7BD829D7517700F96395 /* WeatherInitialView.swift in Sources */,
				A386694229D1168000224861 /* String.swift in Sources */,
				A35C8BA329D0BEB2000CEE96 /* SavedCitiesView.swift in Sources */,
				A3B4F55129D0B9850046D7A5 /* WeatherMapView.swift in Sources */,
				A30F7BDA29D751D000F96395 /* LoadingView.swift in Sources */,
				A33B8DAE29CD11C2009737AF /* ContentView.swift in Sources */,
				A33B8DBE29CD1877009737AF /* Splash.swift in Sources */,
				A30F7BCE29D7466A00F96395 /* ModalData.swift in Sources */,
				A30F7BCC29D745DF00F96395 /* WeatherManager.swift in Sources */,
				A3B4F54D29D0AC3D0046D7A5 /* BottomTabView.swift in Sources */,
				A335FC1429CE8AC400459480 /* LocationManager.swift in Sources */,
				A33B8DAC29CD11C2009737AF /* chillyfyApp.swift in Sources */,
				A335FC1829CE948C00459480 /* WeatherView.swift in Sources */,
				A3B4F54F29D0B76C0046D7A5 /* SettingView.swift in Sources */,
				A30F7BD329D74C9500F96395 /* Extensions.swift in Sources */,
				A3134C2329EC41B10007A1D5 /* PopularCitiesViewModel.swift in Sources */,
			);
			runOnlyForDeploymentPostprocessing = 0;
		};
/* End PBXSourcesBuildPhase section */

/* Begin XCBuildConfiguration section */
		A33B8DB429CD11C3009737AF /* Debug */ = {
			isa = XCBuildConfiguration;
			buildSettings = {
				ALWAYS_SEARCH_USER_PATHS = NO;
				CLANG_ANALYZER_NONNULL = YES;
				CLANG_ANALYZER_NUMBER_OBJECT_CONVERSION = YES_AGGRESSIVE;
				CLANG_CXX_LANGUAGE_STANDARD = "gnu++20";
				CLANG_ENABLE_MODULES = YES;
				CLANG_ENABLE_OBJC_ARC = YES;
				CLANG_ENABLE_OBJC_WEAK = YES;
				CLANG_WARN_BLOCK_CAPTURE_AUTORELEASING = YES;
				CLANG_WARN_BOOL_CONVERSION = YES;
				CLANG_WARN_COMMA = YES;
				CLANG_WARN_CONSTANT_CONVERSION = YES;
				CLANG_WARN_DEPRECATED_OBJC_IMPLEMENTATIONS = YES;
				CLANG_WARN_DIRECT_OBJC_ISA_USAGE = YES_ERROR;
				CLANG_WARN_DOCUMENTATION_COMMENTS = YES;
				CLANG_WARN_EMPTY_BODY = YES;
				CLANG_WARN_ENUM_CONVERSION = YES;
				CLANG_WARN_INFINITE_RECURSION = YES;
				CLANG_WARN_INT_CONVERSION = YES;
				CLANG_WARN_NON_LITERAL_NULL_CONVERSION = YES;
				CLANG_WARN_OBJC_IMPLICIT_RETAIN_SELF = YES;
				CLANG_WARN_OBJC_LITERAL_CONVERSION = YES;
				CLANG_WARN_OBJC_ROOT_CLASS = YES_ERROR;
				CLANG_WARN_QUOTED_INCLUDE_IN_FRAMEWORK_HEADER = YES;
				CLANG_WARN_RANGE_LOOP_ANALYSIS = YES;
				CLANG_WARN_STRICT_PROTOTYPES = YES;
				CLANG_WARN_SUSPICIOUS_MOVE = YES;
				CLANG_WARN_UNGUARDED_AVAILABILITY = YES_AGGRESSIVE;
				CLANG_WARN_UNREACHABLE_CODE = YES;
				CLANG_WARN__DUPLICATE_METHOD_MATCH = YES;
				COPY_PHASE_STRIP = NO;
				DEBUG_INFORMATION_FORMAT = dwarf;
				ENABLE_STRICT_OBJC_MSGSEND = YES;
				ENABLE_TESTABILITY = YES;
				GCC_C_LANGUAGE_STANDARD = gnu11;
				GCC_DYNAMIC_NO_PIC = NO;
				GCC_NO_COMMON_BLOCKS = YES;
				GCC_OPTIMIZATION_LEVEL = 0;
				GCC_PREPROCESSOR_DEFINITIONS = (
					"DEBUG=1",
					"$(inherited)",
				);
				GCC_WARN_64_TO_32_BIT_CONVERSION = YES;
				GCC_WARN_ABOUT_RETURN_TYPE = YES_ERROR;
				GCC_WARN_UNDECLARED_SELECTOR = YES;
				GCC_WARN_UNINITIALIZED_AUTOS = YES_AGGRESSIVE;
				GCC_WARN_UNUSED_FUNCTION = YES;
				GCC_WARN_UNUSED_VARIABLE = YES;
				IPHONEOS_DEPLOYMENT_TARGET = 16.0;
				MTL_ENABLE_DEBUG_INFO = INCLUDE_SOURCE;
				MTL_FAST_MATH = YES;
				ONLY_ACTIVE_ARCH = YES;
				SDKROOT = iphoneos;
				SWIFT_ACTIVE_COMPILATION_CONDITIONS = DEBUG;
				SWIFT_OPTIMIZATION_LEVEL = "-Onone";
			};
			name = Debug;
		};
		A33B8DB529CD11C3009737AF /* Release */ = {
			isa = XCBuildConfiguration;
			buildSettings = {
				ALWAYS_SEARCH_USER_PATHS = NO;
				CLANG_ANALYZER_NONNULL = YES;
				CLANG_ANALYZER_NUMBER_OBJECT_CONVERSION = YES_AGGRESSIVE;
				CLANG_CXX_LANGUAGE_STANDARD = "gnu++20";
				CLANG_ENABLE_MODULES = YES;
				CLANG_ENABLE_OBJC_ARC = YES;
				CLANG_ENABLE_OBJC_WEAK = YES;
				CLANG_WARN_BLOCK_CAPTURE_AUTORELEASING = YES;
				CLANG_WARN_BOOL_CONVERSION = YES;
				CLANG_WARN_COMMA = YES;
				CLANG_WARN_CONSTANT_CONVERSION = YES;
				CLANG_WARN_DEPRECATED_OBJC_IMPLEMENTATIONS = YES;
				CLANG_WARN_DIRECT_OBJC_ISA_USAGE = YES_ERROR;
				CLANG_WARN_DOCUMENTATION_COMMENTS = YES;
				CLANG_WARN_EMPTY_BODY = YES;
				CLANG_WARN_ENUM_CONVERSION = YES;
				CLANG_WARN_INFINITE_RECURSION = YES;
				CLANG_WARN_INT_CONVERSION = YES;
				CLANG_WARN_NON_LITERAL_NULL_CONVERSION = YES;
				CLANG_WARN_OBJC_IMPLICIT_RETAIN_SELF = YES;
				CLANG_WARN_OBJC_LITERAL_CONVERSION = YES;
				CLANG_WARN_OBJC_ROOT_CLASS = YES_ERROR;
				CLANG_WARN_QUOTED_INCLUDE_IN_FRAMEWORK_HEADER = YES;
				CLANG_WARN_RANGE_LOOP_ANALYSIS = YES;
				CLANG_WARN_STRICT_PROTOTYPES = YES;
				CLANG_WARN_SUSPICIOUS_MOVE = YES;
				CLANG_WARN_UNGUARDED_AVAILABILITY = YES_AGGRESSIVE;
				CLANG_WARN_UNREACHABLE_CODE = YES;
				CLANG_WARN__DUPLICATE_METHOD_MATCH = YES;
				COPY_PHASE_STRIP = NO;
				DEBUG_INFORMATION_FORMAT = "dwarf-with-dsym";
				ENABLE_NS_ASSERTIONS = NO;
				ENABLE_STRICT_OBJC_MSGSEND = YES;
				GCC_C_LANGUAGE_STANDARD = gnu11;
				GCC_NO_COMMON_BLOCKS = YES;
				GCC_WARN_64_TO_32_BIT_CONVERSION = YES;
				GCC_WARN_ABOUT_RETURN_TYPE = YES_ERROR;
				GCC_WARN_UNDECLARED_SELECTOR = YES;
				GCC_WARN_UNINITIALIZED_AUTOS = YES_AGGRESSIVE;
				GCC_WARN_UNUSED_FUNCTION = YES;
				GCC_WARN_UNUSED_VARIABLE = YES;
				IPHONEOS_DEPLOYMENT_TARGET = 16.0;
				MTL_ENABLE_DEBUG_INFO = NO;
				MTL_FAST_MATH = YES;
				SDKROOT = iphoneos;
				SWIFT_COMPILATION_MODE = wholemodule;
				SWIFT_OPTIMIZATION_LEVEL = "-O";
				VALIDATE_PRODUCT = YES;
			};
			name = Release;
		};
		A33B8DB729CD11C3009737AF /* Debug */ = {
			isa = XCBuildConfiguration;
			buildSettings = {
				ASSETCATALOG_COMPILER_APPICON_NAME = AppIcon;
				ASSETCATALOG_COMPILER_GLOBAL_ACCENT_COLOR_NAME = AccentColor;
				CODE_SIGN_IDENTITY = "Apple Development";
				CODE_SIGN_STYLE = Automatic;
				CURRENT_PROJECT_VERSION = 1;
				DEVELOPMENT_ASSET_PATHS = "\"chillyfy/Preview Content\"";
				DEVELOPMENT_TEAM = 2UNV73WD6X;
				ENABLE_PREVIEWS = YES;
				GENERATE_INFOPLIST_FILE = YES;
				INFOPLIST_FILE = chillyfy/Info.plist;
				INFOPLIST_KEY_NSLocationWhenInUseUsageDescription = "Allow location";
				INFOPLIST_KEY_UIApplicationSceneManifest_Generation = YES;
				INFOPLIST_KEY_UIApplicationSupportsIndirectInputEvents = YES;
				INFOPLIST_KEY_UILaunchScreen_Generation = YES;
				INFOPLIST_KEY_UISupportedInterfaceOrientations_iPad = "UIInterfaceOrientationPortrait UIInterfaceOrientationPortraitUpsideDown UIInterfaceOrientationLandscapeLeft UIInterfaceOrientationLandscapeRight";
				INFOPLIST_KEY_UISupportedInterfaceOrientations_iPhone = "UIInterfaceOrientationPortrait UIInterfaceOrientationLandscapeLeft UIInterfaceOrientationLandscapeRight";
				LD_RUNPATH_SEARCH_PATHS = (
					"$(inherited)",
					"@executable_path/Frameworks",
				);
				MARKETING_VERSION = 1.0;
				PRODUCT_BUNDLE_IDENTIFIER = com.himanshu.chillyfy;
				PRODUCT_NAME = "$(TARGET_NAME)";
				PROVISIONING_PROFILE_SPECIFIER = "";
				SWIFT_EMIT_LOC_STRINGS = YES;
				SWIFT_VERSION = 5.0;
				TARGETED_DEVICE_FAMILY = "1,2";
			};
			name = Debug;
		};
		A33B8DB829CD11C3009737AF /* Release */ = {
			isa = XCBuildConfiguration;
			buildSettings = {
				ASSETCATALOG_COMPILER_APPICON_NAME = AppIcon;
				ASSETCATALOG_COMPILER_GLOBAL_ACCENT_COLOR_NAME = AccentColor;
				CODE_SIGN_IDENTITY = "Apple Development";
				CODE_SIGN_STYLE = Automatic;
				CURRENT_PROJECT_VERSION = 1;
				DEVELOPMENT_ASSET_PATHS = "\"chillyfy/Preview Content\"";
				DEVELOPMENT_TEAM = 2UNV73WD6X;
				ENABLE_PREVIEWS = YES;
				GENERATE_INFOPLIST_FILE = YES;
				INFOPLIST_FILE = chillyfy/Info.plist;
				INFOPLIST_KEY_NSLocationWhenInUseUsageDescription = "Allow location";
				INFOPLIST_KEY_UIApplicationSceneManifest_Generation = YES;
				INFOPLIST_KEY_UIApplicationSupportsIndirectInputEvents = YES;
				INFOPLIST_KEY_UILaunchScreen_Generation = YES;
				INFOPLIST_KEY_UISupportedInterfaceOrientations_iPad = "UIInterfaceOrientationPortrait UIInterfaceOrientationPortraitUpsideDown UIInterfaceOrientationLandscapeLeft UIInterfaceOrientationLandscapeRight";
				INFOPLIST_KEY_UISupportedInterfaceOrientations_iPhone = "UIInterfaceOrientationPortrait UIInterfaceOrientationLandscapeLeft UIInterfaceOrientationLandscapeRight";
				LD_RUNPATH_SEARCH_PATHS = (
					"$(inherited)",
					"@executable_path/Frameworks",
				);
				MARKETING_VERSION = 1.0;
				PRODUCT_BUNDLE_IDENTIFIER = com.himanshu.chillyfy;
				PRODUCT_NAME = "$(TARGET_NAME)";
				PROVISIONING_PROFILE_SPECIFIER = "";
				SWIFT_EMIT_LOC_STRINGS = YES;
				SWIFT_VERSION = 5.0;
				TARGETED_DEVICE_FAMILY = "1,2";
			};
			name = Release;
		};
/* End XCBuildConfiguration section */

/* Begin XCConfigurationList section */
		A33B8DA329CD11C2009737AF /* Build configuration list for PBXProject "chillyfy" */ = {
			isa = XCConfigurationList;
			buildConfigurations = (
				A33B8DB429CD11C3009737AF /* Debug */,
				A33B8DB529CD11C3009737AF /* Release */,
			);
			defaultConfigurationIsVisible = 0;
			defaultConfigurationName = Release;
		};
		A33B8DB629CD11C3009737AF /* Build configuration list for PBXNativeTarget "chillyfy" */ = {
			isa = XCConfigurationList;
			buildConfigurations = (
				A33B8DB729CD11C3009737AF /* Debug */,
				A33B8DB829CD11C3009737AF /* Release */,
			);
			defaultConfigurationIsVisible = 0;
			defaultConfigurationName = Release;
		};
/* End XCConfigurationList section */

/* Begin XCRemoteSwiftPackageReference section */
		A386693329D1083E00224861 /* XCRemoteSwiftPackageReference "firebase-ios-sdk" */ = {
			isa = XCRemoteSwiftPackageReference;
			repositoryURL = "https://github.com/firebase/firebase-ios-sdk";
			requirement = {
				branch = master;
				kind = branch;
			};
		};
/* End XCRemoteSwiftPackageReference section */

/* Begin XCSwiftPackageProductDependency section */
		A386693429D1083E00224861 /* FirebaseAnalytics */ = {
			isa = XCSwiftPackageProductDependency;
			package = A386693329D1083E00224861 /* XCRemoteSwiftPackageReference "firebase-ios-sdk" */;
			productName = FirebaseAnalytics;
		};
		A386693629D1083E00224861 /* FirebaseAuth */ = {
			isa = XCSwiftPackageProductDependency;
			package = A386693329D1083E00224861 /* XCRemoteSwiftPackageReference "firebase-ios-sdk" */;
			productName = FirebaseAuth;
		};
		A386693829D1083E00224861 /* FirebaseDatabase */ = {
			isa = XCSwiftPackageProductDependency;
			package = A386693329D1083E00224861 /* XCRemoteSwiftPackageReference "firebase-ios-sdk" */;
			productName = FirebaseDatabase;
		};
		A386693A29D1083E00224861 /* FirebaseDatabaseSwift */ = {
			isa = XCSwiftPackageProductDependency;
			package = A386693329D1083E00224861 /* XCRemoteSwiftPackageReference "firebase-ios-sdk" */;
			productName = FirebaseDatabaseSwift;
		};
		A386693C29D1083E00224861 /* FirebaseFirestore */ = {
			isa = XCSwiftPackageProductDependency;
			package = A386693329D1083E00224861 /* XCRemoteSwiftPackageReference "firebase-ios-sdk" */;
			productName = FirebaseFirestore;
		};
		A386693E29D1083E00224861 /* FirebaseStorage */ = {
			isa = XCSwiftPackageProductDependency;
			package = A386693329D1083E00224861 /* XCRemoteSwiftPackageReference "firebase-ios-sdk" */;
			productName = FirebaseStorage;
		};
/* End XCSwiftPackageProductDependency section */
	};
	rootObject = A33B8DA029CD11C2009737AF /* Project object */;
}
